{
  "name": "kaushiki_krity.github.io",
  "lockfileVersion": 3,
  "requires": true,
  "packages": {
    "": {
      "devDependencies": {
        "markdown-it-emoji": "^2.0.2"
      }
    },
    "node_modules/markdown-it-emoji": {
      "version": "2.0.2",
      "resolved": "https://registry.npmjs.org/markdown-it-emoji/-/markdown-it-emoji-2.0.2.tgz",
      "integrity": "sha512-zLftSaNrKuYl0kR5zm4gxXjHaOI3FAOEaloKmRA5hijmJZvSjmxcokOLlzycb/HXlUFWzXqpIEoyEMCE4i9MvQ==",
      "dev": true
    }
  }
}
